// !$*UTF8*$!
{
	archiveVersion = 1;
	classes = {
	};
	objectVersion = 46;
	objects = {

/* Begin PBXBuildFile section */
		65CA630C1C31BA8500592DCB /* AppDelegate.swift in Sources */ = {isa = PBXBuildFile; fileRef = 65CA630B1C31BA8500592DCB /* AppDelegate.swift */; };
		65CA630E1C31BA8500592DCB /* ViewController.swift in Sources */ = {isa = PBXBuildFile; fileRef = 65CA630D1C31BA8500592DCB /* ViewController.swift */; };
		65CA63111C31BA8500592DCB /* Main.storyboard in Resources */ = {isa = PBXBuildFile; fileRef = 65CA630F1C31BA8500592DCB /* Main.storyboard */; };
		65CA63131C31BA8500592DCB /* Assets.xcassets in Resources */ = {isa = PBXBuildFile; fileRef = 65CA63121C31BA8500592DCB /* Assets.xcassets */; };
		65CA63161C31BA8500592DCB /* LaunchScreen.storyboard in Resources */ = {isa = PBXBuildFile; fileRef = 65CA63141C31BA8500592DCB /* LaunchScreen.storyboard */; };
		65CA631E1C31BAAD00592DCB /* DraggableView.swift in Sources */ = {isa = PBXBuildFile; fileRef = 65CA631D1C31BAAD00592DCB /* DraggableView.swift */; };
		65CA63201C31BAC000592DCB /* OverlayView.swift in Sources */ = {isa = PBXBuildFile; fileRef = 65CA631F1C31BAC000592DCB /* OverlayView.swift */; };
		65CA63221C31BAD300592DCB /* DraggableViewBackground.swift in Sources */ = {isa = PBXBuildFile; fileRef = 65CA63211C31BAD300592DCB /* DraggableViewBackground.swift */; };
/* End PBXBuildFile section */

/* Begin PBXFileReference section */
		65CA63081C31BA8500592DCB /* swipeswift.app */ = {isa = PBXFileReference; explicitFileType = wrapper.application; includeInIndex = 0; path = swipeswift.app; sourceTree = BUILT_PRODUCTS_DIR; };
		65CA630B1C31BA8500592DCB /* AppDelegate.swift */ = {isa = PBXFileReference; lastKnownFileType = sourcecode.swift; path = AppDelegate.swift; sourceTree = "<group>"; };
		65CA630D1C31BA8500592DCB /* ViewController.swift */ = {isa = PBXFileReference; lastKnownFileType = sourcecode.swift; path = ViewController.swift; sourceTree = "<group>"; };
		65CA63101C31BA8500592DCB /* Base */ = {isa = PBXFileReference; lastKnownFileType = file.storyboard; name = Base; path = Base.lproj/Main.storyboard; sourceTree = "<group>"; };
		65CA63121C31BA8500592DCB /* Assets.xcassets */ = {isa = PBXFileReference; lastKnownFileType = folder.assetcatalog; path = Assets.xcassets; sourceTree = "<group>"; };
		65CA63151C31BA8500592DCB /* Base */ = {isa = PBXFileReference; lastKnownFileType = file.storyboard; name = Base; path = Base.lproj/LaunchScreen.storyboard; sourceTree = "<group>"; };
		65CA63171C31BA8500592DCB /* Info.plist */ = {isa = PBXFileReference; lastKnownFileType = text.plist.xml; path = Info.plist; sourceTree = "<group>"; };
		65CA631D1C31BAAD00592DCB /* DraggableView.swift */ = {isa = PBXFileReference; fileEncoding = 4; lastKnownFileType = sourcecode.swift; path = DraggableView.swift; sourceTree = "<group>"; };
		65CA631F1C31BAC000592DCB /* OverlayView.swift */ = {isa = PBXFileReference; fileEncoding = 4; lastKnownFileType = sourcecode.swift; path = OverlayView.swift; sourceTree = "<group>"; };
		65CA63211C31BAD300592DCB /* DraggableViewBackground.swift */ = {isa = PBXFileReference; fileEncoding = 4; lastKnownFileType = sourcecode.swift; path = DraggableViewBackground.swift; sourceTree = "<group>"; };
/* End PBXFileReference section */

/* Begin PBXFrameworksBuildPhase section */
		65CA63051C31BA8500592DCB /* Frameworks */ = {
			isa = PBXFrameworksBuildPhase;
			buildActionMask = 2147483647;
			files = (
			);
			runOnlyForDeploymentPostprocessing = 0;
		};
/* End PBXFrameworksBuildPhase section */

/* Begin PBXGroup section */
		65CA62FF1C31BA8500592DCB = {
			isa = PBXGroup;
			children = (
				65CA630A1C31BA8500592DCB /* swipeswift */,
				65CA63091C31BA8500592DCB /* Products */,
			);
			sourceTree = "<group>";
		};
		65CA63091C31BA8500592DCB /* Products */ = {
			isa = PBXGroup;
			children = (
				65CA63081C31BA8500592DCB /* swipeswift.app */,
			);
			name = Products;
			sourceTree = "<group>";
		};
		65CA630A1C31BA8500592DCB /* swipeswift */ = {
			isa = PBXGroup;
			children = (
				65CA630B1C31BA8500592DCB /* AppDelegate.swift */,
				65CA630D1C31BA8500592DCB /* ViewController.swift */,
				65CA630F1C31BA8500592DCB /* Main.storyboard */,
				65CA63121C31BA8500592DCB /* Assets.xcassets */,
				65CA63141C31BA8500592DCB /* LaunchScreen.storyboard */,
				65CA63171C31BA8500592DCB /* Info.plist */,
				65CA631D1C31BAAD00592DCB /* DraggableView.swift */,
				65CA631F1C31BAC000592DCB /* OverlayView.swift */,
				65CA63211C31BAD300592DCB /* DraggableViewBackground.swift */,
			);
			path = swipeswift;
			sourceTree = "<group>";
		};
/* End PBXGroup section */

/* Begin PBXNativeTarget section */
		65CA63071C31BA8500592DCB /* swipeswift */ = {
			isa = PBXNativeTarget;
			buildConfigurationList = 65CA631A1C31BA8500592DCB /* Build configuration list for PBXNativeTarget "swipeswift" */;
			buildPhases = (
				65CA63041C31BA8500592DCB /* Sources */,
				65CA63051C31BA8500592DCB /* Frameworks */,
				65CA63061C31BA8500592DCB /* Resources */,
			);
			buildRules = (
			);
			dependencies = (
			);
			name = swipeswift;
			productName = swipeswift;
			productReference = 65CA63081C31BA8500592DCB /* swipeswift.app */;
			productType = "com.apple.product-type.application";
		};
/* End PBXNativeTarget section */

/* Begin PBXProject section */
		65CA63001C31BA8500592DCB /* Project object */ = {
			isa = PBXProject;
			attributes = {
				LastSwiftUpdateCheck = 0720;
				LastUpgradeCheck = 0720;
				ORGANIZATIONNAME = "Daniel Warner";
				TargetAttributes = {
					65CA63071C31BA8500592DCB = {
						CreatedOnToolsVersion = 7.2;
					};
				};
			};
			buildConfigurationList = 65CA63031C31BA8500592DCB /* Build configuration list for PBXProject "swipeswift" */;
			compatibilityVersion = "Xcode 3.2";
			developmentRegion = English;
			hasScannedForEncodings = 0;
			knownRegions = (
				en,
				Base,
			);
			mainGroup = 65CA62FF1C31BA8500592DCB;
			productRefGroup = 65CA63091C31BA8500592DCB /* Products */;
			projectDirPath = "";
			projectRoot = "";
			targets = (
				65CA63071C31BA8500592DCB /* swipeswift */,
			);
		};
/* End PBXProject section */

/* Begin PBXResourcesBuildPhase section */
		65CA63061C31BA8500592DCB /* Resources */ = {
			isa = PBXResourcesBuildPhase;
			buildActionMask = 2147483647;
			files = (
				65CA63161C31BA8500592DCB /* LaunchScreen.storyboard in Resources */,
				65CA63131C31BA8500592DCB /* Assets.xcassets in Resources */,
				65CA63111C31BA8500592DCB /* Main.storyboard in Resources */,
			);
			runOnlyForDeploymentPostprocessing = 0;
		};
/* End PBXResourcesBuildPhase section */

/* Begin PBXSourcesBuildPhase section */
		65CA63041C31BA8500592DCB /* Sources */ = {
			isa = PBXSourcesBuildPhase;
			buildActionMask = 2147483647;
			files = (
				65CA631E1C31BAAD00592DCB /* DraggableView.swift in Sources */,
				65CA63201C31BAC000592DCB /* OverlayView.swift in Sources */,
				65CA630E1C31BA8500592DCB /* ViewController.swift in Sources */,
				65CA630C1C31BA8500592DCB /* AppDelegate.swift in Sources */,
				65CA63221C31BAD300592DCB /* DraggableViewBackground.swift in Sources */,
			);
			runOnlyForDeploymentPostprocessing = 0;
		};
/* End PBXSourcesBuildPhase section */

/* Begin PBXVariantGroup section */
		65CA630F1C31BA8500592DCB /* Main.storyboard */ = {
			isa = PBXVariantGroup;
			children = (
				65CA63101C31BA8500592DCB /* Base */,
			);
			name = Main.storyboard;
			sourceTree = "<group>";
		};
		65CA63141C31BA8500592DCB /* LaunchScreen.storyboard */ = {
			isa = PBXVariantGroup;
			children = (
				65CA63151C31BA8500592DCB /* Base */,
			);
			name = LaunchScreen.storyboard;
			sourceTree = "<group>";
		};
/* End PBXVariantGroup section */

/* Begin XCBuildConfiguration section */
		65CA63181C31BA8500592DCB /* Debug */ = {
			isa = XCBuildConfiguration;
			buildSettings = {
				ALWAYS_SEARCH_USER_PATHS = NO;
				CLANG_CXX_LANGUAGE_STANDARD = "gnu++0x";
				CLANG_CXX_LIBRARY = "libc++";
				CLANG_ENABLE_MODULES = YES;
				CLANG_ENABLE_OBJC_ARC = YES;
				CLANG_WARN_BOOL_CONVERSION = YES;
				CLANG_WARN_CONSTANT_CONVERSION = YES;
				CLANG_WARN_DIRECT_OBJC_ISA_USAGE = YES_ERROR;
				CLANG_WARN_EMPTY_BODY = YES;
				CLANG_WARN_ENUM_CONVERSION = YES;
				CLANG_WARN_INT_CONVERSION = YES;
				CLANG_WARN_OBJC_ROOT_CLASS = YES_ERROR;
				CLANG_WARN_UNREACHABLE_CODE = YES;
				CLANG_WARN__DUPLICATE_METHOD_MATCH = YES;
				"CODE_SIGN_IDENTITY[sdk=iphoneos*]" = "iPhone Developer";
				COPY_PHASE_STRIP = NO;
				DEBUG_INFORMATION_FORMAT = dwarf;
				ENABLE_STRICT_OBJC_MSGSEND = YES;
				ENABLE_TESTABILITY = YES;
				GCC_C_LANGUAGE_STANDARD = gnu99;
				GCC_DYNAMIC_NO_PIC = NO;
				GCC_NO_COMMON_BLOCKS = YES;
				GCC_OPTIMIZATION_LEVEL = 0;
				GCC_PREPROCESSOR_DEFINITIONS = (
					"DEBUG=1",
					"$(inherited)",
				);
				GCC_WARN_64_TO_32_BIT_CONVERSION = YES;
				GCC_WARN_ABOUT_RETURN_TYPE = YES_ERROR;
				GCC_WARN_UNDECLARED_SELECTOR = YES;
				GCC_WARN_UNINITIALIZED_AUTOS = YES_AGGRESSIVE;
				GCC_WARN_UNUSED_FUNCTION = YES;
				GCC_WARN_UNUSED_VARIABLE = YES;
				IPHONEOS_DEPLOYMENT_TARGET = 9.2;
				MTL_ENABLE_DEBUG_INFO = YES;
				ONLY_ACTIVE_ARCH = YES;
				SDKROOT = iphoneos;
				SWIFT_OPTIMIZATION_LEVEL = "-Onone";
				TARGETED_DEVICE_FAMILY = "1,2";
			};
			name = Debug;
		};
		65CA63191C31BA8500592DCB /* Release */ = {
			isa = XCBuildConfiguration;
			buildSettings = {
				ALWAYS_SEARCH_USER_PATHS = NO;
				CLANG_CXX_LANGUAGE_STANDARD = "gnu++0x";
				CLANG_CXX_LIBRARY = "libc++";
				CLANG_ENABLE_MODULES = YES;
				CLANG_ENABLE_OBJC_ARC = YES;
				CLANG_WARN_BOOL_CONVERSION = YES;
				CLANG_WARN_CONSTANT_CONVERSION = YES;
				CLANG_WARN_DIRECT_OBJC_ISA_USAGE = YES_ERROR;
				CLANG_WARN_EMPTY_BODY = YES;
				CLANG_WARN_ENUM_CONVERSION = YES;
				CLANG_WARN_INT_CONVERSION = YES;
				CLANG_WARN_OBJC_ROOT_CLASS = YES_ERROR;
				CLANG_WARN_UNREACHABLE_CODE = YES;
				CLANG_WARN__DUPLICATE_METHOD_MATCH = YES;
				"CODE_SIGN_IDENTITY[sdk=iphoneos*]" = "iPhone Developer";
				COPY_PHASE_STRIP = NO;
				DEBUG_INFORMATION_FORMAT = "dwarf-with-dsym";
				ENABLE_NS_ASSERTIONS = NO;
				ENABLE_STRICT_OBJC_MSGSEND = YES;
				GCC_C_LANGUAGE_STANDARD = gnu99;
				GCC_NO_COMMON_BLOCKS = YES;
				GCC_WARN_64_TO_32_BIT_CONVERSION = YES;
				GCC_WARN_ABOUT_RETURN_TYPE = YES_ERROR;
				GCC_WARN_UNDECLARED_SELECTOR = YES;
				GCC_WARN_UNINITIALIZED_AUTOS = YES_AGGRESSIVE;
				GCC_WARN_UNUSED_FUNCTION = YES;
				GCC_WARN_UNUSED_VARIABLE = YES;
				IPHONEOS_DEPLOYMENT_TARGET = 9.2;
				MTL_ENABLE_DEBUG_INFO = NO;
				SDKROOT = iphoneos;
				TARGETED_DEVICE_FAMILY = "1,2";
				VALIDATE_PRODUCT = YES;
			};
			name = Release;
		};
		65CA631B1C31BA8500592DCB /* Debug */ = {
			isa = XCBuildConfiguration;
			buildSettings = {
				ASSETCATALOG_COMPILER_APPICON_NAME = AppIcon;
				INFOPLIST_FILE = swipeswift/Info.plist;
				LD_RUNPATH_SEARCH_PATHS = "$(inherited) @executable_path/Frameworks";
				PRODUCT_BUNDLE_IDENTIFIER = com.gmail.danywarner.swipeswift;
				PRODUCT_NAME = "$(TARGET_NAME)";
			};
			name = Debug;
		};
		65CA631C1C31BA8500592DCB /* Release */ = {
			isa = XCBuildConfiguration;
			buildSettings = {
				ASSETCATALOG_COMPILER_APPICON_NAME = AppIcon;
				INFOPLIST_FILE = swipeswift/Info.plist;
				LD_RUNPATH_SEARCH_PATHS = "$(inherited) @executable_path/Frameworks";
				PRODUCT_BUNDLE_IDENTIFIER = com.gmail.danywarner.swipeswift;
				PRODUCT_NAME = "$(TARGET_NAME)";
			};
			name = Release;
		};
/* End XCBuildConfiguration section */

/* Begin XCConfigurationList section */
		65CA63031C31BA8500592DCB /* Build configuration list for PBXProject "swipeswift" */ = {
			isa = XCConfigurationList;
			buildConfigurations = (
				65CA63181C31BA8500592DCB /* Debug */,
				65CA63191C31BA8500592DCB /* Release */,
			);
			defaultConfigurationIsVisible = 0;
			defaultConfigurationName = Release;
		};
		65CA631A1C31BA8500592DCB /* Build configuration list for PBXNativeTarget "swipeswift" */ = {
			isa = XCConfigurationList;
			buildConfigurations = (
				65CA631B1C31BA8500592DCB /* Debug */,
				65CA631C1C31BA8500592DCB /* Release */,
			);
			defaultConfigurationIsVisible = 0;
		};
/* End XCConfigurationList section */
	};
	rootObject = 65CA63001C31BA8500592DCB /* Project object */;
}
